// !$*UTF8*$!
{
	archiveVersion = 1;
	classes = {
	};
	objectVersion = 46;
	objects = {

/* Begin PBXBuildFile section */
		042B9C0E1A305D0400F47954 /* AppDelegate.swift in Sources */ = {isa = PBXBuildFile; fileRef = 042B9C0D1A305D0400F47954 /* AppDelegate.swift */; };
		042B9C101A305D0400F47954 /* ViewController.swift in Sources */ = {isa = PBXBuildFile; fileRef = 042B9C0F1A305D0400F47954 /* ViewController.swift */; };
		042B9C131A305D0400F47954 /* Main.storyboard in Resources */ = {isa = PBXBuildFile; fileRef = 042B9C111A305D0400F47954 /* Main.storyboard */; };
		042B9C151A305D0400F47954 /* Images.xcassets in Resources */ = {isa = PBXBuildFile; fileRef = 042B9C141A305D0400F47954 /* Images.xcassets */; };
		042B9C181A305D0400F47954 /* LaunchScreen.xib in Resources */ = {isa = PBXBuildFile; fileRef = 042B9C161A305D0400F47954 /* LaunchScreen.xib */; };
		042B9C241A305D0400F47954 /* TFSwift1Tests.swift in Sources */ = {isa = PBXBuildFile; fileRef = 042B9C231A305D0400F47954 /* TFSwift1Tests.swift */; };
		04BB0FC21A5A31F600DE2859 /* TestClass.swift in Sources */ = {isa = PBXBuildFile; fileRef = 04BB0FC11A5A31F600DE2859 /* TestClass.swift */; };
		7CC58B8E1B1D8B7200B84DDF /* DoubleExtension.swift in Sources */ = {isa = PBXBuildFile; fileRef = 7CC58B8D1B1D8B7200B84DDF /* DoubleExtension.swift */; };
/* End PBXBuildFile section */

/* Begin PBXContainerItemProxy section */
		042B9C1E1A305D0400F47954 /* PBXContainerItemProxy */ = {
			isa = PBXContainerItemProxy;
			containerPortal = 042B9C001A305D0400F47954 /* Project object */;
			proxyType = 1;
			remoteGlobalIDString = 042B9C071A305D0400F47954;
			remoteInfo = TFSwift1;
		};
/* End PBXContainerItemProxy section */

/* Begin PBXFileReference section */
		042B9C081A305D0400F47954 /* TFSwift1.app */ = {isa = PBXFileReference; explicitFileType = wrapper.application; includeInIndex = 0; path = TFSwift1.app; sourceTree = BUILT_PRODUCTS_DIR; };
		042B9C0C1A305D0400F47954 /* Info.plist */ = {isa = PBXFileReference; lastKnownFileType = text.plist.xml; path = Info.plist; sourceTree = "<group>"; };
		042B9C0D1A305D0400F47954 /* AppDelegate.swift */ = {isa = PBXFileReference; lastKnownFileType = sourcecode.swift; path = AppDelegate.swift; sourceTree = "<group>"; };
		042B9C0F1A305D0400F47954 /* ViewController.swift */ = {isa = PBXFileReference; lastKnownFileType = sourcecode.swift; path = ViewController.swift; sourceTree = "<group>"; };
		042B9C121A305D0400F47954 /* Base */ = {isa = PBXFileReference; lastKnownFileType = file.storyboard; name = Base; path = Base.lproj/Main.storyboard; sourceTree = "<group>"; };
		042B9C141A305D0400F47954 /* Images.xcassets */ = {isa = PBXFileReference; lastKnownFileType = folder.assetcatalog; path = Images.xcassets; sourceTree = "<group>"; };
		042B9C171A305D0400F47954 /* Base */ = {isa = PBXFileReference; lastKnownFileType = file.xib; name = Base; path = Base.lproj/LaunchScreen.xib; sourceTree = "<group>"; };
		042B9C1D1A305D0400F47954 /* TFSwift1Tests.xctest */ = {isa = PBXFileReference; explicitFileType = wrapper.cfbundle; includeInIndex = 0; path = TFSwift1Tests.xctest; sourceTree = BUILT_PRODUCTS_DIR; };
		042B9C221A305D0400F47954 /* Info.plist */ = {isa = PBXFileReference; lastKnownFileType = text.plist.xml; path = Info.plist; sourceTree = "<group>"; };
		042B9C231A305D0400F47954 /* TFSwift1Tests.swift */ = {isa = PBXFileReference; lastKnownFileType = sourcecode.swift; path = TFSwift1Tests.swift; sourceTree = "<group>"; };
		04BB0FC11A5A31F600DE2859 /* TestClass.swift */ = {isa = PBXFileReference; fileEncoding = 4; lastKnownFileType = sourcecode.swift; path = TestClass.swift; sourceTree = "<group>"; };
		7CC58B8D1B1D8B7200B84DDF /* DoubleExtension.swift */ = {isa = PBXFileReference; fileEncoding = 4; lastKnownFileType = sourcecode.swift; path = DoubleExtension.swift; sourceTree = "<group>"; };
/* End PBXFileReference section */

/* Begin PBXFrameworksBuildPhase section */
		042B9C051A305D0400F47954 /* Frameworks */ = {
			isa = PBXFrameworksBuildPhase;
			buildActionMask = 2147483647;
			files = (
			);
			runOnlyForDeploymentPostprocessing = 0;
		};
		042B9C1A1A305D0400F47954 /* Frameworks */ = {
			isa = PBXFrameworksBuildPhase;
			buildActionMask = 2147483647;
			files = (
			);
			runOnlyForDeploymentPostprocessing = 0;
		};
/* End PBXFrameworksBuildPhase section */

/* Begin PBXGroup section */
		042B9BFF1A305D0400F47954 = {
			isa = PBXGroup;
			children = (
				042B9C0A1A305D0400F47954 /* TFSwift1 */,
				042B9C201A305D0400F47954 /* TFSwift1Tests */,
				042B9C091A305D0400F47954 /* Products */,
			);
			sourceTree = "<group>";
		};
		042B9C091A305D0400F47954 /* Products */ = {
			isa = PBXGroup;
			children = (
				042B9C081A305D0400F47954 /* TFSwift1.app */,
				042B9C1D1A305D0400F47954 /* TFSwift1Tests.xctest */,
			);
			name = Products;
			sourceTree = "<group>";
		};
		042B9C0A1A305D0400F47954 /* TFSwift1 */ = {
			isa = PBXGroup;
			children = (
				042B9C0D1A305D0400F47954 /* AppDelegate.swift */,
				042B9C0F1A305D0400F47954 /* ViewController.swift */,
				04BB0FC11A5A31F600DE2859 /* TestClass.swift */,
				7CC58B8D1B1D8B7200B84DDF /* DoubleExtension.swift */,
				042B9C111A305D0400F47954 /* Main.storyboard */,
				042B9C141A305D0400F47954 /* Images.xcassets */,
				042B9C161A305D0400F47954 /* LaunchScreen.xib */,
				042B9C0B1A305D0400F47954 /* Supporting Files */,
			);
			path = TFSwift1;
			sourceTree = "<group>";
		};
		042B9C0B1A305D0400F47954 /* Supporting Files */ = {
			isa = PBXGroup;
			children = (
				042B9C0C1A305D0400F47954 /* Info.plist */,
			);
			name = "Supporting Files";
			sourceTree = "<group>";
		};
		042B9C201A305D0400F47954 /* TFSwift1Tests */ = {
			isa = PBXGroup;
			children = (
				042B9C231A305D0400F47954 /* TFSwift1Tests.swift */,
				042B9C211A305D0400F47954 /* Supporting Files */,
			);
			path = TFSwift1Tests;
			sourceTree = "<group>";
		};
		042B9C211A305D0400F47954 /* Supporting Files */ = {
			isa = PBXGroup;
			children = (
				042B9C221A305D0400F47954 /* Info.plist */,
			);
			name = "Supporting Files";
			sourceTree = "<group>";
		};
/* End PBXGroup section */

/* Begin PBXNativeTarget section */
		042B9C071A305D0400F47954 /* TFSwift1 */ = {
			isa = PBXNativeTarget;
			buildConfigurationList = 042B9C271A305D0400F47954 /* Build configuration list for PBXNativeTarget "TFSwift1" */;
			buildPhases = (
				042B9C041A305D0400F47954 /* Sources */,
				042B9C051A305D0400F47954 /* Frameworks */,
				042B9C061A305D0400F47954 /* Resources */,
			);
			buildRules = (
			);
			dependencies = (
			);
			name = TFSwift1;
			productName = TFSwift1;
			productReference = 042B9C081A305D0400F47954 /* TFSwift1.app */;
			productType = "com.apple.product-type.application";
		};
		042B9C1C1A305D0400F47954 /* TFSwift1Tests */ = {
			isa = PBXNativeTarget;
			buildConfigurationList = 042B9C2A1A305D0400F47954 /* Build configuration list for PBXNativeTarget "TFSwift1Tests" */;
			buildPhases = (
				042B9C191A305D0400F47954 /* Sources */,
				042B9C1A1A305D0400F47954 /* Frameworks */,
				042B9C1B1A305D0400F47954 /* Resources */,
			);
			buildRules = (
			);
			dependencies = (
				042B9C1F1A305D0400F47954 /* PBXTargetDependency */,
			);
			name = TFSwift1Tests;
			productName = TFSwift1Tests;
			productReference = 042B9C1D1A305D0400F47954 /* TFSwift1Tests.xctest */;
			productType = "com.apple.product-type.bundle.unit-test";
		};
/* End PBXNativeTarget section */

/* Begin PBXProject section */
		042B9C001A305D0400F47954 /* Project object */ = {
			isa = PBXProject;
			attributes = {
				LastUpgradeCheck = 0610;
				ORGANIZATIONNAME = TF;
				TargetAttributes = {
					042B9C071A305D0400F47954 = {
						CreatedOnToolsVersion = 6.1.1;
					};
					042B9C1C1A305D0400F47954 = {
						CreatedOnToolsVersion = 6.1.1;
						TestTargetID = 042B9C071A305D0400F47954;
					};
				};
			};
			buildConfigurationList = 042B9C031A305D0400F47954 /* Build configuration list for PBXProject "TFSwift1" */;
			compatibilityVersion = "Xcode 3.2";
			developmentRegion = English;
			hasScannedForEncodings = 0;
			knownRegions = (
				en,
				Base,
			);
			mainGroup = 042B9BFF1A305D0400F47954;
			productRefGroup = 042B9C091A305D0400F47954 /* Products */;
			projectDirPath = "";
			projectRoot = "";
			targets = (
				042B9C071A305D0400F47954 /* TFSwift1 */,
				042B9C1C1A305D0400F47954 /* TFSwift1Tests */,
			);
		};
/* End PBXProject section */

/* Begin PBXResourcesBuildPhase section */
		042B9C061A305D0400F47954 /* Resources */ = {
			isa = PBXResourcesBuildPhase;
			buildActionMask = 2147483647;
			files = (
				042B9C131A305D0400F47954 /* Main.storyboard in Resources */,
				042B9C181A305D0400F47954 /* LaunchScreen.xib in Resources */,
				042B9C151A305D0400F47954 /* Images.xcassets in Resources */,
			);
			runOnlyForDeploymentPostprocessing = 0;
		};
		042B9C1B1A305D0400F47954 /* Resources */ = {
			isa = PBXResourcesBuildPhase;
			buildActionMask = 2147483647;
			files = (
			);
			runOnlyForDeploymentPostprocessing = 0;
		};
/* End PBXResourcesBuildPhase section */

/* Begin PBXSourcesBuildPhase section */
		042B9C041A305D0400F47954 /* Sources */ = {
			isa = PBXSourcesBuildPhase;
			buildActionMask = 2147483647;
			files = (
				7CC58B8E1B1D8B7200B84DDF /* DoubleExtension.swift in Sources */,
				042B9C101A305D0400F47954 /* ViewController.swift in Sources */,
				04BB0FC21A5A31F600DE2859 /* TestClass.swift in Sources */,
				042B9C0E1A305D0400F47954 /* AppDelegate.swift in Sources */,
			);
			runOnlyForDeploymentPostprocessing = 0;
		};
		042B9C191A305D0400F47954 /* Sources */ = {
			isa = PBXSourcesBuildPhase;
			buildActionMask = 2147483647;
			files = (
				042B9C241A305D0400F47954 /* TFSwift1Tests.swift in Sources */,
			);
			runOnlyForDeploymentPostprocessing = 0;
		};
/* End PBXSourcesBuildPhase section */

/* Begin PBXTargetDependency section */
		042B9C1F1A305D0400F47954 /* PBXTargetDependency */ = {
			isa = PBXTargetDependency;
			target = 042B9C071A305D0400F47954 /* TFSwift1 */;
			targetProxy = 042B9C1E1A305D0400F47954 /* PBXContainerItemProxy */;
		};
/* End PBXTargetDependency section */

/* Begin PBXVariantGroup section */
		042B9C111A305D0400F47954 /* Main.storyboard */ = {
			isa = PBXVariantGroup;
			children = (
				042B9C121A305D0400F47954 /* Base */,
			);
			name = Main.storyboard;
			sourceTree = "<group>";
		};
		042B9C161A305D0400F47954 /* LaunchScreen.xib */ = {
			isa = PBXVariantGroup;
			children = (
				042B9C171A305D0400F47954 /* Base */,
			);
			name = LaunchScreen.xib;
			sourceTree = "<group>";
		};
/* End PBXVariantGroup section */

/* Begin XCBuildConfiguration section */
		042B9C251A305D0400F47954 /* Debug */ = {
			isa = XCBuildConfiguration;
			buildSettings = {
				ALWAYS_SEARCH_USER_PATHS = NO;
				CLANG_CXX_LANGUAGE_STANDARD = "gnu++0x";
				CLANG_CXX_LIBRARY = "libc++";
				CLANG_ENABLE_MODULES = YES;
				CLANG_ENABLE_OBJC_ARC = YES;
				CLANG_WARN_BOOL_CONVERSION = YES;
				CLANG_WARN_CONSTANT_CONVERSION = YES;
				CLANG_WARN_DIRECT_OBJC_ISA_USAGE = YES_ERROR;
				CLANG_WARN_EMPTY_BODY = YES;
				CLANG_WARN_ENUM_CONVERSION = YES;
				CLANG_WARN_INT_CONVERSION = YES;
				CLANG_WARN_OBJC_ROOT_CLASS = YES_ERROR;
				CLANG_WARN_UNREACHABLE_CODE = YES;
				CLANG_WARN__DUPLICATE_METHOD_MATCH = YES;
				"CODE_SIGN_IDENTITY[sdk=iphoneos*]" = "iPhone Developer";
				COPY_PHASE_STRIP = NO;
				ENABLE_STRICT_OBJC_MSGSEND = YES;
				GCC_C_LANGUAGE_STANDARD = gnu99;
				GCC_DYNAMIC_NO_PIC = NO;
				GCC_OPTIMIZATION_LEVEL = 0;
				GCC_PREPROCESSOR_DEFINITIONS = (
					"DEBUG=1",
					"$(inherited)",
				);
				GCC_SYMBOLS_PRIVATE_EXTERN = NO;
				GCC_WARN_64_TO_32_BIT_CONVERSION = YES;
				GCC_WARN_ABOUT_RETURN_TYPE = YES_ERROR;
				GCC_WARN_UNDECLARED_SELECTOR = YES;
				GCC_WARN_UNINITIALIZED_AUTOS = YES_AGGRESSIVE;
				GCC_WARN_UNUSED_FUNCTION = YES;
				GCC_WARN_UNUSED_VARIABLE = YES;
				IPHONEOS_DEPLOYMENT_TARGET = 8.1;
				MTL_ENABLE_DEBUG_INFO = YES;
				ONLY_ACTIVE_ARCH = YES;
				SDKROOT = iphoneos;
				SWIFT_OPTIMIZATION_LEVEL = "-Onone";
				TARGETED_DEVICE_FAMILY = "1,2";
			};
			name = Debug;
		};
		042B9C261A305D0400F47954 /* Release */ = {
			isa = XCBuildConfiguration;
			buildSettings = {
				ALWAYS_SEARCH_USER_PATHS = NO;
				CLANG_CXX_LANGUAGE_STANDARD = "gnu++0x";
				CLANG_CXX_LIBRARY = "libc++";
				CLANG_ENABLE_MODULES = YES;
				CLANG_ENABLE_OBJC_ARC = YES;
				CLANG_WARN_BOOL_CONVERSION = YES;
				CLANG_WARN_CONSTANT_CONVERSION = YES;
				CLANG_WARN_DIRECT_OBJC_ISA_USAGE = YES_ERROR;
				CLANG_WARN_EMPTY_BODY = YES;
				CLANG_WARN_ENUM_CONVERSION = YES;
				CLANG_WARN_INT_CONVERSION = YES;
				CLANG_WARN_OBJC_ROOT_CLASS = YES_ERROR;
				CLANG_WARN_UNREACHABLE_CODE = YES;
				CLANG_WARN__DUPLICATE_METHOD_MATCH = YES;
				"CODE_SIGN_IDENTITY[sdk=iphoneos*]" = "iPhone Developer";
				COPY_PHASE_STRIP = YES;
				ENABLE_NS_ASSERTIONS = NO;
				ENABLE_STRICT_OBJC_MSGSEND = YES;
				GCC_C_LANGUAGE_STANDARD = gnu99;
				GCC_WARN_64_TO_32_BIT_CONVERSION = YES;
				GCC_WARN_ABOUT_RETURN_TYPE = YES_ERROR;
				GCC_WARN_UNDECLARED_SELECTOR = YES;
				GCC_WARN_UNINITIALIZED_AUTOS = YES_AGGRESSIVE;
				GCC_WARN_UNUSED_FUNCTION = YES;
				GCC_WARN_UNUSED_VARIABLE = YES;
				IPHONEOS_DEPLOYMENT_TARGET = 8.1;
				MTL_ENABLE_DEBUG_INFO = NO;
				SDKROOT = iphoneos;
				TARGETED_DEVICE_FAMILY = "1,2";
				VALIDATE_PRODUCT = YES;
			};
			name = Release;
		};
		042B9C281A305D0400F47954 /* Debug */ = {
			isa = XCBuildConfiguration;
			buildSettings = {
				ASSETCATALOG_COMPILER_APPICON_NAME = AppIcon;
				INFOPLIST_FILE = TFSwift1/Info.plist;
				IPHONEOS_DEPLOYMENT_TARGET = 7.0;
				LD_RUNPATH_SEARCH_PATHS = "$(inherited) @executable_path/Frameworks";
				PRODUCT_NAME = "$(TARGET_NAME)";
			};
			name = Debug;
		};
		042B9C291A305D0400F47954 /* Release */ = {
			isa = XCBuildConfiguration;
			buildSettings = {
				ASSETCATALOG_COMPILER_APPICON_NAME = AppIcon;
				INFOPLIST_FILE = TFSwift1/Info.plist;
				IPHONEOS_DEPLOYMENT_TARGET = 7.0;
				LD_RUNPATH_SEARCH_PATHS = "$(inherited) @executable_path/Frameworks";
				PRODUCT_NAME = "$(TARGET_NAME)";
			};
			name = Release;
		};
		042B9C2B1A305D0400F47954 /* Debug */ = {
			isa = XCBuildConfiguration;
			buildSettings = {
				BUNDLE_LOADER = "$(TEST_HOST)";
				FRAMEWORK_SEARCH_PATHS = (
					"$(SDKROOT)/Developer/Library/Frameworks",
					"$(inherited)",
				);
				GCC_PREPROCESSOR_DEFINITIONS = (
					"DEBUG=1",
					"$(inherited)",
				);
				INFOPLIST_FILE = TFSwift1Tests/Info.plist;
				LD_RUNPATH_SEARCH_PATHS = "$(inherited) @executable_path/Frameworks @loader_path/Frameworks";
				PRODUCT_NAME = "$(TARGET_NAME)";
				TEST_HOST = "$(BUILT_PRODUCTS_DIR)/TFSwift1.app/TFSwift1";
			};
			name = Debug;
		};
		042B9C2C1A305D0400F47954 /* Release */ = {
			isa = XCBuildConfiguration;
			buildSettings = {
				BUNDLE_LOADER = "$(TEST_HOST)";
				FRAMEWORK_SEARCH_PATHS = (
					"$(SDKROOT)/Developer/Library/Frameworks",
					"$(inherited)",
				);
				INFOPLIST_FILE = TFSwift1Tests/Info.plist;
				LD_RUNPATH_SEARCH_PATHS = "$(inherited) @executable_path/Frameworks @loader_path/Frameworks";
				PRODUCT_NAME = "$(TARGET_NAME)";
				TEST_HOST = "$(BUILT_PRODUCTS_DIR)/TFSwift1.app/TFSwift1";
			};
			name = Release;
		};
/* End XCBuildConfiguration section */

/* Begin XCConfigurationList section */
		042B9C031A305D0400F47954 /* Build configuration list for PBXProject "TFSwift1" */ = {
			isa = XCConfigurationList;
			buildConfigurations = (
				042B9C251A305D0400F47954 /* Debug */,
				042B9C261A305D0400F47954 /* Release */,
			);
			defaultConfigurationIsVisible = 0;
			defaultConfigurationName = Release;
		};
		042B9C271A305D0400F47954 /* Build configuration list for PBXNativeTarget "TFSwift1" */ = {
			isa = XCConfigurationList;
			buildConfigurations = (
				042B9C281A305D0400F47954 /* Debug */,
				042B9C291A305D0400F47954 /* Release */,
			);
			defaultConfigurationIsVisible = 0;
			defaultConfigurationName = Release;
		};
		042B9C2A1A305D0400F47954 /* Build configuration list for PBXNativeTarget "TFSwift1Tests" */ = {
			isa = XCConfigurationList;
			buildConfigurations = (
				042B9C2B1A305D0400F47954 /* Debug */,
				042B9C2C1A305D0400F47954 /* Release */,
			);
			defaultConfigurationIsVisible = 0;
			defaultConfigurationName = Release;
		};
/* End XCConfigurationList section */
	};
	rootObject = 042B9C001A305D0400F47954 /* Project object */;
}
